# THIS IS AN AUTOGENERATED FILE. DO NOT EDIT THIS FILE DIRECTLY.
# yarn lockfile v1


"@types/aws-lambda@^8.10.102":
  version "8.10.102"
  resolved "https://registry.yarnpkg.com/@types/aws-lambda/-/aws-lambda-8.10.102.tgz#d2402224ec30cdddfb669005c25b6ee01fd6f5be"
  integrity sha512-BT05v46n9KtSHa9SgGuOvm49eSruJ9utD8iNXpdpuUVYk8wOcqmm1LEzpNRkrXxD0CULc38sdLpk6q3Wa2WOwg==

"@types/node@^18.7.13":
  version "18.7.13"
  resolved "https://registry.yarnpkg.com/@types/node/-/node-18.7.13.tgz#23e6c5168333480d454243378b69e861ab5c011a"
  integrity sha512-46yIhxSe5xEaJZXWdIBP7GU4HDTG8/eo0qd9atdiL+lFpA03y8KS+lkTN834TWJj5767GbWv4n/P6efyTFt1Dw==

senselogs@^1.0.3:
  version "1.0.3"
  resolved "https://registry.yarnpkg.com/senselogs/-/senselogs-1.0.3.tgz#de6d1af5a9029da8bc33071b3df6c53745344996"
  integrity sha512-wKWGIq/ubAhn7qgSW7gaXZPZo/WITfefgVx7pV4R/Gzkg3SuvY+zIXZK1dYqGFVcS+HyaHOKm0V5WSpHYF7aNA==

typescript@^4.8.2:
  version "4.8.2"
  resolved "https://registry.yarnpkg.com/typescript/-/typescript-4.8.2.tgz#e3b33d5ccfb5914e4eeab6699cf208adee3fd790"
  integrity sha512-C0I1UsrrDHo2fYI5oaCGbSejwX4ch+9Y5jTQELvovfmFkK3HHSZJB8MSJcWLmCUBzQBchCrZ9rMRV6GuNrvGtw==
