# THIS IS AN AUTOGENERATED FILE. DO NOT EDIT THIS FILE DIRECTLY.
# yarn lockfile v1


"@types/aws-lambda@^8.10.102":
  version "8.10.102"
  resolved "https://registry.yarnpkg.com/@types/aws-lambda/-/aws-lambda-8.10.102.tgz#d2402224ec30cdddfb669005c25b6ee01fd6f5be"
  integrity sha512-BT05v46n9KtSHa9SgGuOvm49eSruJ9utD8iNXpdpuUVYk8wOcqmm1LEzpNRkrXxD0CULc38sdLpk6q3Wa2WOwg==

"@types/node@^18.7.14":
  version "18.7.14"
  resolved "https://registry.yarnpkg.com/@types/node/-/node-18.7.14.tgz#0fe081752a3333392d00586d815485a17c2cf3c9"
  integrity sha512-6bbDaETVi8oyIARulOE9qF1/Qdi/23z6emrUh0fNJRUmjznqrixD4MpGDdgOFk5Xb0m2H6Xu42JGdvAxaJR/wA==

senselogs@^1.0.3:
  version "1.0.3"
  resolved "https://registry.yarnpkg.com/senselogs/-/senselogs-1.0.3.tgz#de6d1af5a9029da8bc33071b3df6c53745344996"
  integrity sha512-wKWGIq/ubAhn7qgSW7gaXZPZo/WITfefgVx7pV4R/Gzkg3SuvY+zIXZK1dYqGFVcS+HyaHOKm0V5WSpHYF7aNA==

typescript@^4.8.2:
  version "4.8.2"
  resolved "https://registry.yarnpkg.com/typescript/-/typescript-4.8.2.tgz#e3b33d5ccfb5914e4eeab6699cf208adee3fd790"
  integrity sha512-C0I1UsrrDHo2fYI5oaCGbSejwX4ch+9Y5jTQELvovfmFkK3HHSZJB8MSJcWLmCUBzQBchCrZ9rMRV6GuNrvGtw==
